schema: '2.0'
stages:
  gen_params:
    cmd: python3 MLOpsPipeline/codes/generate_params.py
    deps:
    - path: MLOpsPipeline/codes/generate_params.py
      hash: md5
      md5: 514b4f5ca348a0ba341b32930a28ddde
      size: 563
      isexec: true
    - path: MLOpsPipeline/data/data_slices
      hash: md5
      md5: 8fc0db432173d37db06e229a27ff7ffa.dir
      size: 3087346
      nfiles: 2
    outs:
    - path: params.yaml
      hash: md5
      md5: b713e50e0f72e009cd692d3ebae4dcd7
      size: 59
  train:
    cmd: python3 MLOpsPipeline/codes/train.py --slice $(yq -r '.train.slice' 
      params.yaml) --output $(yq -r '.train.output' params.yaml)
    deps:
    - path: MLOpsPipeline/codes/data_loader.py
      hash: md5
      md5: 85e4ef3f896c132c32d3234e1fda20ef
      size: 890
      isexec: true
    - path: MLOpsPipeline/codes/pipeline.py
      hash: md5
      md5: 9ace8a3a0d8bcc6e3178f01b03429a0c
      size: 3307
      isexec: true
    - path: MLOpsPipeline/codes/train.py
      hash: md5
      md5: 2b30a4edbb3aadb84ecf510d3e33e2d0
      size: 1316
      isexec: true
    - path: MLOpsPipeline/data/data_slices
      hash: md5
      md5: 8fc0db432173d37db06e229a27ff7ffa.dir
      size: 3087346
      nfiles: 2
    - path: params.yaml
      hash: md5
      md5: b713e50e0f72e009cd692d3ebae4dcd7
      size: 59
    outs:
    - path: MLOpsPipeline/models/model.pkl
      hash: md5
      md5: 24ba5030dcedcb3e949a5d92e13df16c
      size: 146941
